
Microsoft Visual Studio Solution File, Format Version 12.00
# Visual Studio 2013
VisualStudioVersion = 12.0.40629.0
MinimumVisualStudioVersion = 10.0.40219.1
Project("{FAE04EC0-301F-11D3-BF4B-00C04F79EFBC}") = "SPFrontEndAngular", "SPFrontEndAngular\SPFrontEndAngular.csproj", "{690F3EAE-1038-41DD-B1A3-5FC0F98C0DA4}"
EndProject
Project("{FAE04EC0-301F-11D3-BF4B-00C04F79EFBC}") = "SPCore", "SPCore\SPCore.csproj", "{957BEA64-EF83-4F1D-8700-3BA4E7EF8706}"
EndProject
Project("{FAE04EC0-301F-11D3-BF4B-00C04F79EFBC}") = "SPInfrastructure", "SPInfrastructure\SPInfrastructure.csproj", "{E49C33A2-F240-4770-9D8F-2250AA3413E0}"
EndProject
Project("{2150E333-8FDC-42A3-9474-1A3956D46DE8}") = ".nuget", ".nuget", "{26C8ED1D-257B-4A59-BB4D-9507171B1180}"
	ProjectSection(SolutionItems) = preProject
		.nuget\NuGet.Config = .nuget\NuGet.Config
		.nuget\NuGet.targets = .nuget\NuGet.targets
	EndProjectSection
EndProject
Project("{FAE04EC0-301F-11D3-BF4B-00C04F79EFBC}") = "ScrumPokerService", "ScrumPokerService\ScrumPokerService.csproj", "{A257D2BA-6DB6-4EAA-ADA0-A469E398D46D}"
EndProject
Global
	GlobalSection(SolutionConfigurationPlatforms) = preSolution
		Debug|Any CPU = Debug|Any CPU
		Release|Any CPU = Release|Any CPU
	EndGlobalSection
	GlobalSection(ProjectConfigurationPlatforms) = postSolution
		{690F3EAE-1038-41DD-B1A3-5FC0F98C0DA4}.Debug|Any CPU.ActiveCfg = Debug|Any CPU
		{690F3EAE-1038-41DD-B1A3-5FC0F98C0DA4}.Debug|Any CPU.Build.0 = Debug|Any CPU
		{690F3EAE-1038-41DD-B1A3-5FC0F98C0DA4}.Release|Any CPU.ActiveCfg = Release|Any CPU
		{690F3EAE-1038-41DD-B1A3-5FC0F98C0DA4}.Release|Any CPU.Build.0 = Release|Any CPU
		{957BEA64-EF83-4F1D-8700-3BA4E7EF8706}.Debug|Any CPU.ActiveCfg = Debug|Any CPU
		{957BEA64-EF83-4F1D-8700-3BA4E7EF8706}.Debug|Any CPU.Build.0 = Debug|Any CPU
		{957BEA64-EF83-4F1D-8700-3BA4E7EF8706}.Release|Any CPU.ActiveCfg = Release|Any CPU
		{957BEA64-EF83-4F1D-8700-3BA4E7EF8706}.Release|Any CPU.Build.0 = Release|Any CPU
		{E49C33A2-F240-4770-9D8F-2250AA3413E0}.Debug|Any CPU.ActiveCfg = Debug|Any CPU
		{E49C33A2-F240-4770-9D8F-2250AA3413E0}.Release|Any CPU.ActiveCfg = Release|Any CPU
		{A257D2BA-6DB6-4EAA-ADA0-A469E398D46D}.Debug|Any CPU.ActiveCfg = Debug|Any CPU
		{A257D2BA-6DB6-4EAA-ADA0-A469E398D46D}.Debug|Any CPU.Build.0 = Debug|Any CPU
		{A257D2BA-6DB6-4EAA-ADA0-A469E398D46D}.Release|Any CPU.ActiveCfg = Release|Any CPU
		{A257D2BA-6DB6-4EAA-ADA0-A469E398D46D}.Release|Any CPU.Build.0 = Release|Any CPU
	EndGlobalSection
	GlobalSection(SolutionProperties) = preSolution
		HideSolutionNode = FALSE
	EndGlobalSection
EndGlobal
